{
  "name": "pom-test-service-activity",
  "version": "1.0.0",
  "lockfileVersion": 1,
  "requires": true,
  "dependencies": {
    "easy-logger": {
      "version": "0.0.5",
      "resolved": "https://registry.npmjs.org/easy-logger/-/easy-logger-0.0.5.tgz",
      "integrity": "sha1-wJL+qOiCjDXCpzjLk8bQwx7yIsU=",
      "dev": true
    },
    "indent-string": {
      "version": "3.2.0",
      "resolved": "https://registry.npmjs.org/indent-string/-/indent-string-3.2.0.tgz",
      "integrity": "sha1-Sl/W0nzDMvN+VBmlBNu4NxBckok=",
      "dev": true
    }
  }
}
